
Microsoft Visual Studio Solution File, Format Version 12.00
# Visual Studio Version 16
VisualStudioVersion = 16.0.30204.135
MinimumVisualStudioVersion = 10.0.40219.1
Project("{FAE04EC0-301F-11D3-BF4B-00C04F79EFBC}") = "MscrmTools.AttributeNamingChecker", "MscrmTools.AttributeNamingChecker\MscrmTools.AttributeNamingChecker.csproj", "{A3798728-C119-495A-97E5-B14CF55B5ADF}"
EndProject
Global
	GlobalSection(SolutionConfigurationPlatforms) = preSolution
		Debug|Any CPU = Debug|Any CPU
		Release|Any CPU = Release|Any CPU
	EndGlobalSection
	GlobalSection(ProjectConfigurationPlatforms) = postSolution
		{A3798728-C119-495A-97E5-B14CF55B5ADF}.Debug|Any CPU.ActiveCfg = Debug|Any CPU
		{A3798728-C119-495A-97E5-B14CF55B5ADF}.Debug|Any CPU.Build.0 = Debug|Any CPU
		{A3798728-C119-495A-97E5-B14CF55B5ADF}.Release|Any CPU.ActiveCfg = Release|Any CPU
		{A3798728-C119-495A-97E5-B14CF55B5ADF}.Release|Any CPU.Build.0 = Release|Any CPU
	EndGlobalSection
	GlobalSection(SolutionProperties) = preSolution
		HideSolutionNode = FALSE
	EndGlobalSection
	GlobalSection(ExtensibilityGlobals) = postSolution
		SolutionGuid = {F3FF807A-A83F-4062-97D6-98512A8BBAAC}
	EndGlobalSection
EndGlobal
